# THIS IS AN AUTOGENERATED FILE. DO NOT EDIT THIS FILE DIRECTLY.
# yarn lockfile v1


"cl-uni@^1.8.3":
  "integrity" "sha512-c7xQfDxiPzhY89Sot9av7U1SGAAWnHo4bhK0RDAFG1VDkhm02Ghk60WRv+ThDqFhlx/B0602d99rarYX83iotQ=="
  "resolved" "https://registry.npmmirror.com/cl-uni/-/cl-uni-1.8.3.tgz"
  "version" "1.8.3"

"echarts@^5.4.2":
  "integrity" "sha512-2W3vw3oI2tWJdyAz+b8DuWS0nfXtSDqlDmqgin/lfzbkB01cuMEN66KWBlmur3YMp5nEDEEt5s23pllnAzB4EA=="
  "resolved" "https://registry.npmmirror.com/echarts/-/echarts-5.4.2.tgz"
  "version" "5.4.2"
  dependencies:
    "tslib" "2.3.0"
    "zrender" "5.4.3"

"tslib@2.3.0":
  "integrity" "sha512-N82ooyxVNm6h1riLCoyS9e3fuJ3AMG2zIZs2Gd1ATcSFjSA23Q0fzjjZeh0jbJvWVDZ0cJT8yaNNaaXHzueNjg=="
  "resolved" "https://registry.npmmirror.com/tslib/-/tslib-2.3.0.tgz"
  "version" "2.3.0"

"zrender@5.4.3":
  "integrity" "sha512-DRUM4ZLnoaT0PBVvGBDO9oWIDBKFdAVieNWxWwK0niYzJCMwGchRk21/hsE+RKkIveH3XHCyvXcJDkgLVvfizQ=="
  "resolved" "https://registry.npmmirror.com/zrender/-/zrender-5.4.3.tgz"
  "version" "5.4.3"
  dependencies:
    "tslib" "2.3.0"
